[[package]]
category = "dev"
description = "A small Python module for determining appropriate platform-specific dirs, e.g. a \"user data dir\"."
name = "appdirs"
optional = false
python-versions = "*"
version = "1.4.4"

[[package]]
category = "dev"
description = "Atomic file writes."
name = "atomicwrites"
optional = false
python-versions = ">=2.7, !=3.0.*, !=3.1.*, !=3.2.*, !=3.3.*"
version = "1.4.0"

[[package]]
category = "dev"
description = "Classes Without Boilerplate"
name = "attrs"
optional = false
python-versions = ">=2.7, !=3.0.*, !=3.1.*, !=3.2.*, !=3.3.*, !=3.4.*"
version = "21.4.0"

[package.extras]
dev = ["coverage (>=5.0.2)", "hypothesis", "pympler", "pytest (>=4.3.0)", "six", "mypy", "pytest-mypy-plugins", "zope.interface", "furo", "sphinx", "sphinx-notfound-page", "pre-commit", "cloudpickle"]
docs = ["furo", "sphinx", "zope.interface", "sphinx-notfound-page"]
tests = ["coverage (>=5.0.2)", "hypothesis", "pympler", "pytest (>=4.3.0)", "six", "mypy", "pytest-mypy-plugins", "zope.interface", "cloudpickle"]
tests_no_zope = ["coverage (>=5.0.2)", "hypothesis", "pympler", "pytest (>=4.3.0)", "six", "mypy", "pytest-mypy-plugins", "cloudpickle"]

[[package]]
category = "dev"
description = "The uncompromising code formatter."
name = "black"
optional = false
python-versions = ">=3.6"
version = "20.8b0"

[package.dependencies]
appdirs = "*"
attrs = ">=18.1.0"
click = ">=6.5"
mypy-extensions = ">=0.4.3"
pathspec = ">=0.6,<1"
regex = ">=2020.1.8"
toml = ">=0.9.4"
typed-ast = ">=1.4.0"
typing-extensions = ">=3.7.4"
dataclasses = {version = ">=0.6", markers = "python_version < \"3.7\""}

[package.extras]
colorama = ["colorama (>=0.4.3)"]
d = ["aiohttp (>=3.3.2)", "aiohttp-cors"]

[[package]]
category = "dev"
description = "Composable command line interface toolkit"
name = "click"
optional = false
python-versions = ">=3.6"
version = "8.0.4"

[package.dependencies]
colorama = {version = "*", markers = "platform_system == \"Windows\""}
importlib-metadata = {version = "*", markers = "python_version < \"3.8\""}

[[package]]
category = "dev"
description = "Cross-platform colored terminal text."
name = "colorama"
optional = false
python-versions = ">=2.7, !=3.0.*, !=3.1.*, !=3.2.*, !=3.3.*, !=3.4.*"
version = "0.4.4"

[[package]]
category = "main"
description = "Composable style cycles"
name = "cycler"
optional = false
python-versions = ">=3.6"
version = "0.11.0"

[[package]]
category = "dev"
description = "A backport of the dataclasses module for Python 3.6"
name = "dataclasses"
optional = false
python-versions = ">=3.6, <3.7"
version = "0.8"

[[package]]
category = "dev"
description = "Read metadata from Python packages"
name = "importlib-metadata"
optional = false
python-versions = ">=3.6"
version = "4.8.3"

[package.dependencies]
zipp = ">=0.5"
typing-extensions = {version = ">=3.6.4", markers = "python_version < \"3.8\""}

[package.extras]
docs = ["sphinx", "jaraco.packaging (>=8.2)", "rst.linker (>=1.9)"]
perf = ["ipython"]
testing = ["pytest (>=6)", "pytest-checkdocs (>=2.4)", "pytest-flake8", "pytest-cov", "pytest-enabler (>=1.0.1)", "packaging", "pep517", "pyfakefs", "flufl.flake8", "pytest-perf (>=0.9.2)", "pytest-black (>=0.3.7)", "pytest-mypy", "importlib-resources (>=1.3)"]

[[package]]
category = "dev"
description = "iniconfig: brain-dead simple config-ini parsing"
name = "iniconfig"
optional = false
python-versions = "*"
version = "1.1.1"

[[package]]
category = "main"
description = "A fast implementation of the Cassowary constraint solver"
name = "kiwisolver"
optional = false
python-versions = ">=3.6"
version = "1.3.1"

[[package]]
category = "main"
description = "Python plotting package"
name = "matplotlib"
optional = false
python-versions = "*"
version = "2.2.2"

[package.dependencies]
cycler = ">=0.10"
kiwisolver = ">=1.0.1"
numpy = ">=1.7.1"
pyparsing = ">=2.0.1,<2.0.4 || >2.0.4,<2.1.2 || >2.1.2,<2.1.6 || >2.1.6"
python-dateutil = ">=2.1"
pytz = "*"
six = ">=1.10"

[[package]]
category = "dev"
description = "Experimental type system extensions for programs checked with the mypy typechecker."
name = "mypy-extensions"
optional = false
python-versions = "*"
version = "0.4.3"

[[package]]
category = "main"
description = "NumPy is the fundamental package for array computing with Python."
name = "numpy"
optional = false
python-versions = ">=3.6"
version = "1.19.5"

[[package]]
category = "dev"
description = "Core utilities for Python packages"
name = "packaging"
optional = false
python-versions = ">=3.6"
version = "21.3"

[package.dependencies]
pyparsing = ">=2.0.2,<3.0.5 || >3.0.5"

[[package]]
category = "dev"
description = "Utility library for gitignore style pattern matching of file paths."
name = "pathspec"
optional = false
python-versions = "!=3.0.*,!=3.1.*,!=3.2.*,!=3.3.*,!=3.4.*,>=2.7"
version = "0.9.0"

[[package]]
category = "dev"
description = "plugin and hook calling mechanisms for python"
name = "pluggy"
optional = false
python-versions = ">=2.7, !=3.0.*, !=3.1.*, !=3.2.*, !=3.3.*"
version = "0.13.1"

[package.dependencies]
importlib-metadata = {version = ">=0.12", markers = "python_version < \"3.8\""}

[package.extras]
dev = ["pre-commit", "tox"]

[[package]]
category = "dev"
description = "library with cross-python path, ini-parsing, io, code, log facilities"
name = "py"
optional = false
python-versions = ">=2.7, !=3.0.*, !=3.1.*, !=3.2.*, !=3.3.*, !=3.4.*"
version = "1.11.0"

[[package]]
category = "main"
description = "Python parsing module"
name = "pyparsing"
optional = false
python-versions = ">=3.6"
version = "3.0.7"

[package.extras]
diagrams = ["jinja2", "railroad-diagrams"]

[[package]]
category = "dev"
description = "pytest: simple powerful testing with Python"
name = "pytest"
optional = false
python-versions = ">=3.6"
version = "6.2.4"

[package.dependencies]
attrs = ">=19.2.0"
iniconfig = "*"
packaging = "*"
pluggy = ">=0.12,<1.0.0a1"
py = ">=1.8.2"
toml = "*"
atomicwrites = {version = ">=1.0", markers = "sys_platform == \"win32\""}
colorama = {version = "*", markers = "sys_platform == \"win32\""}
importlib-metadata = {version = ">=0.12", markers = "python_version < \"3.8\""}

[package.extras]
testing = ["argcomplete", "hypothesis (>=3.56)", "mock", "nose", "requests", "xmlschema"]

[[package]]
category = "main"
description = "Extensions to the standard Python datetime module"
name = "python-dateutil"
optional = false
python-versions = "!=3.0.*,!=3.1.*,!=3.2.*,>=2.7"
version = "2.8.2"

[package.dependencies]
six = ">=1.5"

[[package]]
category = "main"
description = "World timezone definitions, modern and historical"
name = "pytz"
optional = false
python-versions = "*"
version = "2022.1"

[[package]]
category = "dev"
description = "Alternative regular expression module, to replace re."
name = "regex"
optional = false
python-versions = ">=3.6"
version = "2022.3.15"

[[package]]
category = "main"
description = "Python 2 and 3 compatibility utilities"
name = "six"
optional = false
python-versions = ">=2.7, !=3.0.*, !=3.1.*, !=3.2.*"
version = "1.16.0"

[[package]]
category = "dev"
description = "Python Library for Tom's Obvious, Minimal Language"
name = "toml"
optional = false
python-versions = ">=2.6, !=3.0.*, !=3.1.*, !=3.2.*"
version = "0.10.2"

[[package]]
category = "dev"
description = "a fork of Python 2 and 3 ast modules with type comment support"
name = "typed-ast"
optional = false
python-versions = ">=3.6"
version = "1.5.3"

[[package]]
category = "dev"
description = "Backported and Experimental Type Hints for Python 3.6+"
name = "typing-extensions"
optional = false
python-versions = ">=3.6"
version = "4.1.1"

[[package]]
category = "dev"
description = "Backport of pathlib-compatible object wrapper for zip files"
name = "zipp"
optional = false
python-versions = ">=3.6"
version = "3.6.0"

[package.extras]
docs = ["sphinx", "jaraco.packaging (>=8.2)", "rst.linker (>=1.9)"]
testing = ["pytest (>=4.6)", "pytest-checkdocs (>=2.4)", "pytest-flake8", "pytest-cov", "pytest-enabler (>=1.0.1)", "jaraco.itertools", "func-timeout", "pytest-black (>=0.3.7)", "pytest-mypy"]

[metadata]
content-hash = "abff81d299164e53569b5fdfcceef791e78b9301f6fc82533e79ad129937215e"
lock-version = "1.1"
python-versions = "^3.6"

[metadata.files]
appdirs = [
    {file = "appdirs-1.4.4-py2.py3-none-any.whl", hash = "sha256:a841dacd6b99318a741b166adb07e19ee71a274450e68237b4650ca1055ab128"},
    {file = "appdirs-1.4.4.tar.gz", hash = "sha256:7d5d0167b2b1ba821647616af46a749d1c653740dd0d2415100fe26e27afdf41"},
]
atomicwrites = [
    {file = "atomicwrites-1.4.0-py2.py3-none-any.whl", hash = "sha256:6d1784dea7c0c8d4a5172b6c620f40b6e4cbfdf96d783691f2e1302a7b88e197"},
    {file = "atomicwrites-1.4.0.tar.gz", hash = "sha256:ae70396ad1a434f9c7046fd2dd196fc04b12f9e91ffb859164193be8b6168a7a"},
]
attrs = [
    {file = "attrs-21.4.0-py2.py3-none-any.whl", hash = "sha256:2d27e3784d7a565d36ab851fe94887c5eccd6a463168875832a1be79c82828b4"},
    {file = "attrs-21.4.0.tar.gz", hash = "sha256:626ba8234211db98e869df76230a137c4c40a12d72445c45d5f5b716f076e2fd"},
]
black = [
    {file = "black-20.8b0.tar.gz", hash = "sha256:0fc6b2f00ccd34cc444d41f24967377c2bc6d0b53f333c56376405ff6cd6f789"},
]
click = [
    {file = "click-8.0.4-py3-none-any.whl", hash = "sha256:6a7a62563bbfabfda3a38f3023a1db4a35978c0abd76f6c9605ecd6554d6d9b1"},
    {file = "click-8.0.4.tar.gz", hash = "sha256:8458d7b1287c5fb128c90e23381cf99dcde74beaf6c7ff6384ce84d6fe090adb"},
]
colorama = [
    {file = "colorama-0.4.4-py2.py3-none-any.whl", hash = "sha256:9f47eda37229f68eee03b24b9748937c7dc3868f906e8ba69fbcbdd3bc5dc3e2"},
    {file = "colorama-0.4.4.tar.gz", hash = "sha256:5941b2b48a20143d2267e95b1c2a7603ce057ee39fd88e7329b0c292aa16869b"},
]
cycler = [
    {file = "cycler-0.11.0-py3-none-any.whl", hash = "sha256:3a27e95f763a428a739d2add979fa7494c912a32c17c4c38c4d5f082cad165a3"},
    {file = "cycler-0.11.0.tar.gz", hash = "sha256:9c87405839a19696e837b3b818fed3f5f69f16f1eec1a1ad77e043dcea9c772f"},
]
dataclasses = [
    {file = "dataclasses-0.8-py3-none-any.whl", hash = "sha256:0201d89fa866f68c8ebd9d08ee6ff50c0b255f8ec63a71c16fda7af82bb887bf"},
    {file = "dataclasses-0.8.tar.gz", hash = "sha256:8479067f342acf957dc82ec415d355ab5edb7e7646b90dc6e2fd1d96ad084c97"},
]
importlib-metadata = [
    {file = "importlib_metadata-4.8.3-py3-none-any.whl", hash = "sha256:65a9576a5b2d58ca44d133c42a241905cc45e34d2c06fd5ba2bafa221e5d7b5e"},
    {file = "importlib_metadata-4.8.3.tar.gz", hash = "sha256:766abffff765960fcc18003801f7044eb6755ffae4521c8e8ce8e83b9c9b0668"},
]
iniconfig = [
    {file = "iniconfig-1.1.1-py2.py3-none-any.whl", hash = "sha256:011e24c64b7f47f6ebd835bb12a743f2fbe9a26d4cecaa7f53bc4f35ee9da8b3"},
    {file = "iniconfig-1.1.1.tar.gz", hash = "sha256:bc3af051d7d14b2ee5ef9969666def0cd1a000e121eaea580d4a313df4b37f32"},
]
kiwisolver = [
    {file = "kiwisolver-1.3.1-cp36-cp36m-macosx_10_9_x86_64.whl", hash = "sha256:fd34fbbfbc40628200730bc1febe30631347103fc8d3d4fa012c21ab9c11eca9"},
    {file = "kiwisolver-1.3.1-cp36-cp36m-manylinux1_i686.whl", hash = "sha256:d3155d828dec1d43283bd24d3d3e0d9c7c350cdfcc0bd06c0ad1209c1bbc36d0"},
    {file = "kiwisolver-1.3.1-cp36-cp36m-manylinux1_x86_64.whl", hash = "sha256:5a7a7dbff17e66fac9142ae2ecafb719393aaee6a3768c9de2fd425c63b53e21"},
    {file = "kiwisolver-1.3.1-cp36-cp36m-manylinux2014_aarch64.whl", hash = "sha256:f8d6f8db88049a699817fd9178782867bf22283e3813064302ac59f61d95be05"},
    {file = "kiwisolver-1.3.1-cp36-cp36m-manylinux2014_ppc64le.whl", hash = "sha256:5f6ccd3dd0b9739edcf407514016108e2280769c73a85b9e59aa390046dbf08b"},
    {file = "kiwisolver-1.3.1-cp36-cp36m-win32.whl", hash = "sha256:225e2e18f271e0ed8157d7f4518ffbf99b9450fca398d561eb5c4a87d0986dd9"},
    {file = "kiwisolver-1.3.1-cp36-cp36m-win_amd64.whl", hash = "sha256:cf8b574c7b9aa060c62116d4181f3a1a4e821b2ec5cbfe3775809474113748d4"},
    {file = "kiwisolver-1.3.1-cp37-cp37m-macosx_10_9_x86_64.whl", hash = "sha256:232c9e11fd7ac3a470d65cd67e4359eee155ec57e822e5220322d7b2ac84fbf0"},
    {file = "kiwisolver-1.3.1-cp37-cp37m-manylinux1_i686.whl", hash = "sha256:b38694dcdac990a743aa654037ff1188c7a9801ac3ccc548d3341014bc5ca278"},
    {file = "kiwisolver-1.3.1-cp37-cp37m-manylinux1_x86_64.whl", hash = "sha256:ca3820eb7f7faf7f0aa88de0e54681bddcb46e485beb844fcecbcd1c8bd01689"},
    {file = "kiwisolver-1.3.1-cp37-cp37m-manylinux2014_aarch64.whl", hash = "sha256:c8fd0f1ae9d92b42854b2979024d7597685ce4ada367172ed7c09edf2cef9cb8"},
    {file = "kiwisolver-1.3.1-cp37-cp37m-manylinux2014_ppc64le.whl", hash = "sha256:1e1bc12fb773a7b2ffdeb8380609f4f8064777877b2225dec3da711b421fda31"},
    {file = "kiwisolver-1.3.1-cp37-cp37m-win32.whl", hash = "sha256:72c99e39d005b793fb7d3d4e660aed6b6281b502e8c1eaf8ee8346023c8e03bc"},
    {file = "kiwisolver-1.3.1-cp37-cp37m-win_amd64.whl", hash = "sha256:8be8d84b7d4f2ba4ffff3665bcd0211318aa632395a1a41553250484a871d454"},
    {file = "kiwisolver-1.3.1-cp38-cp38-macosx_10_9_x86_64.whl", hash = "sha256:31dfd2ac56edc0ff9ac295193eeaea1c0c923c0355bf948fbd99ed6018010b72"},
    {file = "kiwisolver-1.3.1-cp38-cp38-manylinux1_i686.whl", hash = "sha256:563c649cfdef27d081c84e72a03b48ea9408c16657500c312575ae9d9f7bc1c3"},
    {file = "kiwisolver-1.3.1-cp38-cp38-manylinux1_x86_64.whl", hash = "sha256:78751b33595f7f9511952e7e60ce858c6d64db2e062afb325985ddbd34b5c131"},
    {file = "kiwisolver-1.3.1-cp38-cp38-manylinux2014_aarch64.whl", hash = "sha256:a357fd4f15ee49b4a98b44ec23a34a95f1e00292a139d6015c11f55774ef10de"},
    {file = "kiwisolver-1.3.1-cp38-cp38-manylinux2014_ppc64le.whl", hash = "sha256:5989db3b3b34b76c09253deeaf7fbc2707616f130e166996606c284395da3f18"},
    {file = "kiwisolver-1.3.1-cp38-cp38-win32.whl", hash = "sha256:c08e95114951dc2090c4a630c2385bef681cacf12636fb0241accdc6b303fd81"},
    {file = "kiwisolver-1.3.1-cp38-cp38-win_amd64.whl", hash = "sha256:44a62e24d9b01ba94ae7a4a6c3fb215dc4af1dde817e7498d901e229aaf50e4e"},
    {file = "kiwisolver-1.3.1-cp39-cp39-macosx_10_9_x86_64.whl", hash = "sha256:50af681a36b2a1dee1d3c169ade9fdc59207d3c31e522519181e12f1b3ba7000"},
    {file = "kiwisolver-1.3.1-cp39-cp39-manylinux1_i686.whl", hash = "sha256:a53d27d0c2a0ebd07e395e56a1fbdf75ffedc4a05943daf472af163413ce9598"},
    {file = "kiwisolver-1.3.1-cp39-cp39-manylinux1_x86_64.whl", hash = "sha256:834ee27348c4aefc20b479335fd422a2c69db55f7d9ab61721ac8cd83eb78882"},
    {file = "kiwisolver-1.3.1-cp39-cp39-manylinux2014_aarch64.whl", hash = "sha256:5c3e6455341008a054cccee8c5d24481bcfe1acdbc9add30aa95798e95c65621"},
    {file = "kiwisolver-1.3.1-cp39-cp39-manylinux2014_ppc64le.whl", hash = "sha256:acef3d59d47dd85ecf909c359d0fd2c81ed33bdff70216d3956b463e12c38a54"},
    {file = "kiwisolver-1.3.1-cp39-cp39-win32.whl", hash = "sha256:c5518d51a0735b1e6cee1fdce66359f8d2b59c3ca85dc2b0813a8aa86818a030"},
    {file = "kiwisolver-1.3.1-cp39-cp39-win_amd64.whl", hash = "sha256:b9edd0110a77fc321ab090aaa1cfcaba1d8499850a12848b81be2222eab648f6"},
    {file = "kiwisolver-1.3.1-pp36-pypy36_pp73-macosx_10_9_x86_64.whl", hash = "sha256:0cd53f403202159b44528498de18f9285b04482bab2a6fc3f5dd8dbb9352e30d"},
    {file = "kiwisolver-1.3.1-pp36-pypy36_pp73-manylinux2010_x86_64.whl", hash = "sha256:33449715e0101e4d34f64990352bce4095c8bf13bed1b390773fc0a7295967b3"},
    {file = "kiwisolver-1.3.1-pp36-pypy36_pp73-win32.whl", hash = "sha256:401a2e9afa8588589775fe34fc22d918ae839aaaf0c0e96441c0fdbce6d8ebe6"},
    {file = "kiwisolver-1.3.1.tar.gz", hash = "sha256:950a199911a8d94683a6b10321f9345d5a3a8433ec58b217ace979e18f16e248"},
]
matplotlib = [
    {file = "matplotlib-2.2.2-cp27-cp27m-macosx_10_6_intel.macosx_10_9_intel.macosx_10_9_x86_64.macosx_10_10_intel.macosx_10_10_x86_64.whl", hash = "sha256:3fd90b407d1ab0dae686a4200030ce305526ff20b85a443dc490d194114b2dfa"},
    {file = "matplotlib-2.2.2-cp27-cp27m-manylinux1_x86_64.whl", hash = "sha256:7b3d03c876684618e2a2be6abeb8d3a033c3a1bb38a786f751199753ef6227e6"},
    {file = "matplotlib-2.2.2-cp27-cp27m-win32.whl", hash = "sha256:07055eb872fa109bd88f599bdb52065704b2e22d475b67675f345d75d32038a0"},
    {file = "matplotlib-2.2.2-cp27-cp27m-win_amd64.whl", hash = "sha256:0f2f253d6d51f5ed52a819921f8a0a8e054ce0daefcfbc2557e1c433f14dc77d"},
    {file = "matplotlib-2.2.2-cp27-cp27mu-manylinux1_x86_64.whl", hash = "sha256:abfd3d9390eb4f2d82cbcaa3a5c2834c581329b64eccb7a071ed9d5df27424f7"},
    {file = "matplotlib-2.2.2-cp34-cp34m-macosx_10_6_intel.macosx_10_9_intel.macosx_10_9_x86_64.macosx_10_10_intel.macosx_10_10_x86_64.whl", hash = "sha256:1ef9fd285334bd6b0495b6de9d56a39dc95081577f27bafabcf28e0d318bed31"},
    {file = "matplotlib-2.2.2-cp34-cp34m-manylinux1_x86_64.whl", hash = "sha256:70f0e407fbe9e97f16597223269c849597047421af5eb8b60dbaca0382037e78"},
    {file = "matplotlib-2.2.2-cp34-cp34m-win32.whl", hash = "sha256:3fb2db66ef98246bafc04b4ef4e9b0e73c6369f38a29716844e939d197df816a"},
    {file = "matplotlib-2.2.2-cp34-cp34m-win_amd64.whl", hash = "sha256:dc0ba2080fd0cfdd07b3458ee4324d35806733feb2b080838d7094731d3f73d9"},
    {file = "matplotlib-2.2.2-cp35-cp35m-macosx_10_6_intel.macosx_10_9_intel.macosx_10_9_x86_64.macosx_10_10_intel.macosx_10_10_x86_64.whl", hash = "sha256:4bb10087e09629ba3f9b25b6c734fd3f99542f93d71c5b9c023f28cb377b43a9"},
    {file = "matplotlib-2.2.2-cp35-cp35m-manylinux1_x86_64.whl", hash = "sha256:bc4d7481f0e8ec94cb1afc4a59905d6274b3b4c389aba7a2539e071766671735"},
    {file = "matplotlib-2.2.2-cp35-cp35m-win32.whl", hash = "sha256:4f6a516d5ef39128bb16af7457e73dde25c30625c4916d8fbd1cc7c14c55e691"},
    {file = "matplotlib-2.2.2-cp35-cp35m-win_amd64.whl", hash = "sha256:8ff08eaa25c66383fe3b6c7eb288da3c22dcedc4b110a0b592b35f68d0e093b2"},
    {file = "matplotlib-2.2.2-cp36-cp36m-macosx_10_6_intel.macosx_10_9_intel.macosx_10_9_x86_64.macosx_10_10_intel.macosx_10_10_x86_64.whl", hash = "sha256:f26fba7fc68994ab2805d77e0695417f9377a00d36ba4248b5d0f1e5adb08d24"},
    {file = "matplotlib-2.2.2-cp36-cp36m-manylinux1_x86_64.whl", hash = "sha256:8944d311ce37bee1ba0e41a9b58dcf330ffe0cf29d7654c3d07c572215da68ac"},
    {file = "matplotlib-2.2.2-cp36-cp36m-win32.whl", hash = "sha256:45dac8589ef1721d7f2ab0f48f986694494dfcc5d13a3e43a5cb6c816276094e"},
    {file = "matplotlib-2.2.2-cp36-cp36m-win_amd64.whl", hash = "sha256:9d12378d6a236aa38326e27f3a29427b63edce4ce325745785aec1a7535b1f85"},
    {file = "matplotlib-2.2.2-cp37-cp37m-macosx_10_6_intel.macosx_10_9_intel.macosx_10_9_x86_64.macosx_10_10_intel.macosx_10_10_x86_64.whl", hash = "sha256:c78883145da9b5620aec523fa14ea814e07f2ba26a16b7f68ff7300604a911b3"},
    {file = "matplotlib-2.2.2-cp37-cp37m-manylinux1_x86_64.whl", hash = "sha256:3eb17a4dc45e1ceefb899423e8152e10169fa281f960421c762fd8532186c323"},
    {file = "matplotlib-2.2.2-cp37-cp37m-win32.whl", hash = "sha256:1770b70622b78f3fd76638526b8c176af8b23a0b129e0190d9407fa403855e0c"},
    {file = "matplotlib-2.2.2-cp37-cp37m-win_amd64.whl", hash = "sha256:f397479742c1ca31805a4bffdfcc5f6189a31116b79aa0b83a50c689f42a23bb"},
    {file = "matplotlib-2.2.2.tar.gz", hash = "sha256:4dc7ef528aad21f22be85e95725234c5178c0f938e2228ca76640e5e84d8cde8"},
]
mypy-extensions = [
    {file = "mypy_extensions-0.4.3-py2.py3-none-any.whl", hash = "sha256:090fedd75945a69ae91ce1303b5824f428daf5a028d2f6ab8a299250a846f15d"},
    {file = "mypy_extensions-0.4.3.tar.gz", hash = "sha256:2d82818f5bb3e369420cb3c4060a7970edba416647068eb4c5343488a6c604a8"},
]
numpy = [
    {file = "numpy-1.19.5-cp36-cp36m-macosx_10_9_x86_64.whl", hash = "sha256:cc6bd4fd593cb261332568485e20a0712883cf631f6f5e8e86a52caa8b2b50ff"},
    {file = "numpy-1.19.5-cp36-cp36m-manylinux1_i686.whl", hash = "sha256:aeb9ed923be74e659984e321f609b9ba54a48354bfd168d21a2b072ed1e833ea"},
    {file = "numpy-1.19.5-cp36-cp36m-manylinux1_x86_64.whl", hash = "sha256:8b5e972b43c8fc27d56550b4120fe6257fdc15f9301914380b27f74856299fea"},
    {file = "numpy-1.19.5-cp36-cp36m-manylinux2010_i686.whl", hash = "sha256:43d4c81d5ffdff6bae58d66a3cd7f54a7acd9a0e7b18d97abb255defc09e3140"},
    {file = "numpy-1.19.5-cp36-cp36m-manylinux2010_x86_64.whl", hash = "sha256:a4646724fba402aa7504cd48b4b50e783296b5e10a524c7a6da62e4a8ac9698d"},
    {file = "numpy-1.19.5-cp36-cp36m-manylinux2014_aarch64.whl", hash = "sha256:2e55195bc1c6b705bfd8ad6f288b38b11b1af32f3c8289d6c50d47f950c12e76"},
    {file = "numpy-1.19.5-cp36-cp36m-win32.whl", hash = "sha256:39b70c19ec771805081578cc936bbe95336798b7edf4732ed102e7a43ec5c07a"},
    {file = "numpy-1.19.5-cp36-cp36m-win_amd64.whl", hash = "sha256:dbd18bcf4889b720ba13a27ec2f2aac1981bd41203b3a3b27ba7a33f88ae4827"},
    {file = "numpy-1.19.5-cp37-cp37m-macosx_10_9_x86_64.whl", hash = "sha256:603aa0706be710eea8884af807b1b3bc9fb2e49b9f4da439e76000f3b3c6ff0f"},
    {file = "numpy-1.19.5-cp37-cp37m-manylinux1_i686.whl", hash = "sha256:cae865b1cae1ec2663d8ea56ef6ff185bad091a5e33ebbadd98de2cfa3fa668f"},
    {file = "numpy-1.19.5-cp37-cp37m-manylinux1_x86_64.whl", hash = "sha256:36674959eed6957e61f11c912f71e78857a8d0604171dfd9ce9ad5cbf41c511c"},
    {file = "numpy-1.19.5-cp37-cp37m-manylinux2010_i686.whl", hash = "sha256:06fab248a088e439402141ea04f0fffb203723148f6ee791e9c75b3e9e82f080"},
    {file = "numpy-1.19.5-cp37-cp37m-manylinux2010_x86_64.whl", hash = "sha256:6149a185cece5ee78d1d196938b2a8f9d09f5a5ebfbba66969302a778d5ddd1d"},
    {file = "numpy-1.19.5-cp37-cp37m-manylinux2014_aarch64.whl", hash = "sha256:50a4a0ad0111cc1b71fa32dedd05fa239f7fb5a43a40663269bb5dc7877cfd28"},
    {file = "numpy-1.19.5-cp37-cp37m-win32.whl", hash = "sha256:d051ec1c64b85ecc69531e1137bb9751c6830772ee5c1c426dbcfe98ef5788d7"},
    {file = "numpy-1.19.5-cp37-cp37m-win_amd64.whl", hash = "sha256:a12ff4c8ddfee61f90a1633a4c4afd3f7bcb32b11c52026c92a12e1325922d0d"},
    {file = "numpy-1.19.5-cp38-cp38-macosx_10_9_x86_64.whl", hash = "sha256:cf2402002d3d9f91c8b01e66fbb436a4ed01c6498fffed0e4c7566da1d40ee1e"},
    {file = "numpy-1.19.5-cp38-cp38-manylinux1_i686.whl", hash = "sha256:1ded4fce9cfaaf24e7a0ab51b7a87be9038ea1ace7f34b841fe3b6894c721d1c"},
    {file = "numpy-1.19.5-cp38-cp38-manylinux1_x86_64.whl", hash = "sha256:012426a41bc9ab63bb158635aecccc7610e3eff5d31d1eb43bc099debc979d94"},
    {file = "numpy-1.19.5-cp38-cp38-manylinux2010_i686.whl", hash = "sha256:759e4095edc3c1b3ac031f34d9459fa781777a93ccc633a472a5468587a190ff"},
    {file = "numpy-1.19.5-cp38-cp38-manylinux2010_x86_64.whl", hash = "sha256:a9d17f2be3b427fbb2bce61e596cf555d6f8a56c222bd2ca148baeeb5e5c783c"},
    {file = "numpy-1.19.5-cp38-cp38-manylinux2014_aarch64.whl", hash = "sha256:99abf4f353c3d1a0c7a5f27699482c987cf663b1eac20db59b8c7b061eabd7fc"},
    {file = "numpy-1.19.5-cp38-cp38-win32.whl", hash = "sha256:384ec0463d1c2671170901994aeb6dce126de0a95ccc3976c43b0038a37329c2"},
    {file = "numpy-1.19.5-cp38-cp38-win_amd64.whl", hash = "sha256:811daee36a58dc79cf3d8bdd4a490e4277d0e4b7d103a001a4e73ddb48e7e6aa"},
    {file = "numpy-1.19.5-cp39-cp39-macosx_10_9_x86_64.whl", hash = "sha256:c843b3f50d1ab7361ca4f0b3639bf691569493a56808a0b0c54a051d260b7dbd"},
    {file = "numpy-1.19.5-cp39-cp39-manylinux1_i686.whl", hash = "sha256:d6631f2e867676b13026e2846180e2c13c1e11289d67da08d71cacb2cd93d4aa"},
    {file = "numpy-1.19.5-cp39-cp39-manylinux1_x86_64.whl", hash = "sha256:7fb43004bce0ca31d8f13a6eb5e943fa73371381e53f7074ed21a4cb786c32f8"},
    {file = "numpy-1.19.5-cp39-cp39-manylinux2010_i686.whl", hash = "sha256:2ea52bd92ab9f768cc64a4c3ef8f4b2580a17af0a5436f6126b08efbd1838371"},
    {file = "numpy-1.19.5-cp39-cp39-manylinux2010_x86_64.whl", hash = "sha256:400580cbd3cff6ffa6293df2278c75aef2d58d8d93d3c5614cd67981dae68ceb"},
    {file = "numpy-1.19.5-cp39-cp39-manylinux2014_aarch64.whl", hash = "sha256:df609c82f18c5b9f6cb97271f03315ff0dbe481a2a02e56aeb1b1a985ce38e60"},
    {file = "numpy-1.19.5-cp39-cp39-win32.whl", hash = "sha256:ab83f24d5c52d60dbc8cd0528759532736b56db58adaa7b5f1f76ad551416a1e"},
    {file = "numpy-1.19.5-cp39-cp39-win_amd64.whl", hash = "sha256:0eef32ca3132a48e43f6a0f5a82cb508f22ce5a3d6f67a8329c81c8e226d3f6e"},
    {file = "numpy-1.19.5-pp36-pypy36_pp73-manylinux2010_x86_64.whl", hash = "sha256:a0d53e51a6cb6f0d9082decb7a4cb6dfb33055308c4c44f53103c073f649af73"},
    {file = "numpy-1.19.5.zip", hash = "sha256:a76f502430dd98d7546e1ea2250a7360c065a5fdea52b2dffe8ae7180909b6f4"},
]
packaging = [
    {file = "packaging-21.3-py3-none-any.whl", hash = "sha256:ef103e05f519cdc783ae24ea4e2e0f508a9c99b2d4969652eed6a2e1ea5bd522"},
    {file = "packaging-21.3.tar.gz", hash = "sha256:dd47c42927d89ab911e606518907cc2d3a1f38bbd026385970643f9c5b8ecfeb"},
]
pathspec = [
    {file = "pathspec-0.9.0-py2.py3-none-any.whl", hash = "sha256:7d15c4ddb0b5c802d161efc417ec1a2558ea2653c2e8ad9c19098201dc1c993a"},
    {file = "pathspec-0.9.0.tar.gz", hash = "sha256:e564499435a2673d586f6b2130bb5b95f04a3ba06f81b8f895b651a3c76aabb1"},
]
pluggy = [
    {file = "pluggy-0.13.1-py2.py3-none-any.whl", hash = "sha256:966c145cd83c96502c3c3868f50408687b38434af77734af1e9ca461a4081d2d"},
    {file = "pluggy-0.13.1.tar.gz", hash = "sha256:15b2acde666561e1298d71b523007ed7364de07029219b604cf808bfa1c765b0"},
]
py = [
    {file = "py-1.11.0-py2.py3-none-any.whl", hash = "sha256:607c53218732647dff4acdfcd50cb62615cedf612e72d1724fb1a0cc6405b378"},
    {file = "py-1.11.0.tar.gz", hash = "sha256:51c75c4126074b472f746a24399ad32f6053d1b34b68d2fa41e558e6f4a98719"},
]
pyparsing = [
    {file = "pyparsing-3.0.7-py3-none-any.whl", hash = "sha256:a6c06a88f252e6c322f65faf8f418b16213b51bdfaece0524c1c1bc30c63c484"},
    {file = "pyparsing-3.0.7.tar.gz", hash = "sha256:18ee9022775d270c55187733956460083db60b37d0d0fb357445f3094eed3eea"},
]
pytest = [
    {file = "pytest-6.2.4-py3-none-any.whl", hash = "sha256:91ef2131a9bd6be8f76f1f08eac5c5317221d6ad1e143ae03894b862e8976890"},
    {file = "pytest-6.2.4.tar.gz", hash = "sha256:50bcad0a0b9c5a72c8e4e7c9855a3ad496ca6a881a3641b4260605450772c54b"},
]
python-dateutil = [
    {file = "python-dateutil-2.8.2.tar.gz", hash = "sha256:0123cacc1627ae19ddf3c27a5de5bd67ee4586fbdd6440d9748f8abb483d3e86"},
    {file = "python_dateutil-2.8.2-py2.py3-none-any.whl", hash = "sha256:961d03dc3453ebbc59dbdea9e4e11c5651520a876d0f4db161e8674aae935da9"},
]
pytz = [
    {file = "pytz-2022.1-py2.py3-none-any.whl", hash = "sha256:e68985985296d9a66a881eb3193b0906246245294a881e7c8afe623866ac6a5c"},
    {file = "pytz-2022.1.tar.gz", hash = "sha256:1e760e2fe6a8163bc0b3d9a19c4f84342afa0a2affebfaa84b01b978a02ecaa7"},
]
regex = [
    {file = "regex-2022.3.15-cp310-cp310-macosx_10_9_x86_64.whl", hash = "sha256:42eb13b93765c6698a5ab3bcd318d8c39bb42e5fa8a7fcf7d8d98923f3babdb1"},
    {file = "regex-2022.3.15-cp310-cp310-macosx_11_0_arm64.whl", hash = "sha256:9beb03ff6fe509d6455971c2489dceb31687b38781206bcec8e68bdfcf5f1db2"},
    {file = "regex-2022.3.15-cp310-cp310-manylinux_2_17_aarch64.manylinux2014_aarch64.whl", hash = "sha256:d0a5a1fdc9f148a8827d55b05425801acebeeefc9e86065c7ac8b8cc740a91ff"},
    {file = "regex-2022.3.15-cp310-cp310-manylinux_2_17_ppc64le.manylinux2014_ppc64le.whl", hash = "sha256:cb374a2a4dba7c4be0b19dc7b1adc50e6c2c26c3369ac629f50f3c198f3743a4"},
    {file = "regex-2022.3.15-cp310-cp310-manylinux_2_17_s390x.manylinux2014_s390x.whl", hash = "sha256:c33ce0c665dd325200209340a88438ba7a470bd5f09f7424e520e1a3ff835b52"},
    {file = "regex-2022.3.15-cp310-cp310-manylinux_2_17_x86_64.manylinux2014_x86_64.whl", hash = "sha256:04c09b9651fa814eeeb38e029dc1ae83149203e4eeb94e52bb868fadf64852bc"},
    {file = "regex-2022.3.15-cp310-cp310-manylinux_2_5_i686.manylinux1_i686.manylinux_2_17_i686.manylinux2014_i686.whl", hash = "sha256:ab5d89cfaf71807da93c131bb7a19c3e19eaefd613d14f3bce4e97de830b15df"},
    {file = "regex-2022.3.15-cp310-cp310-manylinux_2_5_x86_64.manylinux1_x86_64.manylinux_2_12_x86_64.manylinux2010_x86_64.whl", hash = "sha256:0e2630ae470d6a9f8e4967388c1eda4762706f5750ecf387785e0df63a4cc5af"},
    {file = "regex-2022.3.15-cp310-cp310-musllinux_1_1_aarch64.whl", hash = "sha256:df037c01d68d1958dad3463e2881d3638a0d6693483f58ad41001aa53a83fcea"},
    {file = "regex-2022.3.15-cp310-cp310-musllinux_1_1_i686.whl", hash = "sha256:940570c1a305bac10e8b2bc934b85a7709c649317dd16520471e85660275083a"},
    {file = "regex-2022.3.15-cp310-cp310-musllinux_1_1_ppc64le.whl", hash = "sha256:7f63877c87552992894ea1444378b9c3a1d80819880ae226bb30b04789c0828c"},
    {file = "regex-2022.3.15-cp310-cp310-musllinux_1_1_s390x.whl", hash = "sha256:3e265b388cc80c7c9c01bb4f26c9e536c40b2c05b7231fbb347381a2e1c8bf43"},
    {file = "regex-2022.3.15-cp310-cp310-musllinux_1_1_x86_64.whl", hash = "sha256:058054c7a54428d5c3e3739ac1e363dc9347d15e64833817797dc4f01fb94bb8"},
    {file = "regex-2022.3.15-cp310-cp310-win32.whl", hash = "sha256:76435a92e444e5b8f346aed76801db1c1e5176c4c7e17daba074fbb46cb8d783"},
    {file = "regex-2022.3.15-cp310-cp310-win_amd64.whl", hash = "sha256:174d964bc683b1e8b0970e1325f75e6242786a92a22cedb2a6ec3e4ae25358bd"},
    {file = "regex-2022.3.15-cp36-cp36m-macosx_10_9_x86_64.whl", hash = "sha256:6e1d8ed9e61f37881c8db383a124829a6e8114a69bd3377a25aecaeb9b3538f8"},
    {file = "regex-2022.3.15-cp36-cp36m-manylinux_2_17_aarch64.manylinux2014_aarch64.whl", hash = "sha256:b52771f05cff7517f7067fef19ffe545b1f05959e440d42247a17cd9bddae11b"},
    {file = "regex-2022.3.15-cp36-cp36m-manylinux_2_17_ppc64le.manylinux2014_ppc64le.whl", hash = "sha256:673f5a393d603c34477dbad70db30025ccd23996a2d0916e942aac91cc42b31a"},
    {file = "regex-2022.3.15-cp36-cp36m-manylinux_2_17_s390x.manylinux2014_s390x.whl", hash = "sha256:8923e1c5231549fee78ff9b2914fad25f2e3517572bb34bfaa3aea682a758683"},
    {file = "regex-2022.3.15-cp36-cp36m-manylinux_2_17_x86_64.manylinux2014_x86_64.whl", hash = "sha256:764e66a0e382829f6ad3bbce0987153080a511c19eb3d2f8ead3f766d14433ac"},
    {file = "regex-2022.3.15-cp36-cp36m-manylinux_2_5_i686.manylinux1_i686.manylinux_2_17_i686.manylinux2014_i686.whl", hash = "sha256:cd00859291658fe1fda48a99559fb34da891c50385b0bfb35b808f98956ef1e7"},
    {file = "regex-2022.3.15-cp36-cp36m-manylinux_2_5_x86_64.manylinux1_x86_64.manylinux_2_12_x86_64.manylinux2010_x86_64.whl", hash = "sha256:aa2ce79f3889720b46e0aaba338148a1069aea55fda2c29e0626b4db20d9fcb7"},
    {file = "regex-2022.3.15-cp36-cp36m-musllinux_1_1_aarch64.whl", hash = "sha256:34bb30c095342797608727baf5c8aa122406aa5edfa12107b8e08eb432d4c5d7"},
    {file = "regex-2022.3.15-cp36-cp36m-musllinux_1_1_i686.whl", hash = "sha256:25ecb1dffc5e409ca42f01a2b2437f93024ff1612c1e7983bad9ee191a5e8828"},
    {file = "regex-2022.3.15-cp36-cp36m-musllinux_1_1_ppc64le.whl", hash = "sha256:aa5eedfc2461c16a092a2fabc5895f159915f25731740c9152a1b00f4bcf629a"},
    {file = "regex-2022.3.15-cp36-cp36m-musllinux_1_1_s390x.whl", hash = "sha256:7d1a6e403ac8f1d91d8f51c441c3f99367488ed822bda2b40836690d5d0059f5"},
    {file = "regex-2022.3.15-cp36-cp36m-musllinux_1_1_x86_64.whl", hash = "sha256:3e4d710ff6539026e49f15a3797c6b1053573c2b65210373ef0eec24480b900b"},
    {file = "regex-2022.3.15-cp36-cp36m-win32.whl", hash = "sha256:0100f0ded953b6b17f18207907159ba9be3159649ad2d9b15535a74de70359d3"},
    {file = "regex-2022.3.15-cp36-cp36m-win_amd64.whl", hash = "sha256:f320c070dea3f20c11213e56dbbd7294c05743417cde01392148964b7bc2d31a"},
    {file = "regex-2022.3.15-cp37-cp37m-macosx_10_9_x86_64.whl", hash = "sha256:fc8c7958d14e8270171b3d72792b609c057ec0fa17d507729835b5cff6b7f69a"},
    {file = "regex-2022.3.15-cp37-cp37m-manylinux_2_17_aarch64.manylinux2014_aarch64.whl", hash = "sha256:6ca6dcd17f537e9f3793cdde20ac6076af51b2bd8ad5fe69fa54373b17b48d3c"},
    {file = "regex-2022.3.15-cp37-cp37m-manylinux_2_17_ppc64le.manylinux2014_ppc64le.whl", hash = "sha256:0214ff6dff1b5a4b4740cfe6e47f2c4c92ba2938fca7abbea1359036305c132f"},
    {file = "regex-2022.3.15-cp37-cp37m-manylinux_2_17_s390x.manylinux2014_s390x.whl", hash = "sha256:a98ae493e4e80b3ded6503ff087a8492db058e9c68de371ac3df78e88360b374"},
    {file = "regex-2022.3.15-cp37-cp37m-manylinux_2_17_x86_64.manylinux2014_x86_64.whl", hash = "sha256:8b1cc70e31aacc152a12b39245974c8fccf313187eead559ee5966d50e1b5817"},
    {file = "regex-2022.3.15-cp37-cp37m-manylinux_2_5_i686.manylinux1_i686.manylinux_2_17_i686.manylinux2014_i686.whl", hash = "sha256:b4829db3737480a9d5bfb1c0320c4ee13736f555f53a056aacc874f140e98f64"},
    {file = "regex-2022.3.15-cp37-cp37m-manylinux_2_5_x86_64.manylinux1_x86_64.manylinux_2_12_x86_64.manylinux2010_x86_64.whl", hash = "sha256:303b15a3d32bf5fe5a73288c316bac5807587f193ceee4eb6d96ee38663789fa"},
    {file = "regex-2022.3.15-cp37-cp37m-musllinux_1_1_aarch64.whl", hash = "sha256:dc7b7c16a519d924c50876fb152af661a20749dcbf653c8759e715c1a7a95b18"},
    {file = "regex-2022.3.15-cp37-cp37m-musllinux_1_1_i686.whl", hash = "sha256:ce3057777a14a9a1399b81eca6a6bfc9612047811234398b84c54aeff6d536ea"},
    {file = "regex-2022.3.15-cp37-cp37m-musllinux_1_1_ppc64le.whl", hash = "sha256:48081b6bff550fe10bcc20c01cf6c83dbca2ccf74eeacbfac240264775fd7ecf"},
    {file = "regex-2022.3.15-cp37-cp37m-musllinux_1_1_s390x.whl", hash = "sha256:dcbb7665a9db9f8d7642171152c45da60e16c4f706191d66a1dc47ec9f820aed"},
    {file = "regex-2022.3.15-cp37-cp37m-musllinux_1_1_x86_64.whl", hash = "sha256:c155a1a80c5e7a8fa1d9bb1bf3c8a953532b53ab1196092749bafb9d3a7cbb60"},
    {file = "regex-2022.3.15-cp37-cp37m-win32.whl", hash = "sha256:04b5ee2b6d29b4a99d38a6469aa1db65bb79d283186e8460542c517da195a8f6"},
    {file = "regex-2022.3.15-cp37-cp37m-win_amd64.whl", hash = "sha256:797437e6024dc1589163675ae82f303103063a0a580c6fd8d0b9a0a6708da29e"},
    {file = "regex-2022.3.15-cp38-cp38-macosx_10_9_x86_64.whl", hash = "sha256:8afcd1c2297bc989dceaa0379ba15a6df16da69493635e53431d2d0c30356086"},
    {file = "regex-2022.3.15-cp38-cp38-macosx_11_0_arm64.whl", hash = "sha256:0066a6631c92774391f2ea0f90268f0d82fffe39cb946f0f9c6b382a1c61a5e5"},
    {file = "regex-2022.3.15-cp38-cp38-manylinux_2_17_aarch64.manylinux2014_aarch64.whl", hash = "sha256:b8248f19a878c72d8c0a785a2cd45d69432e443c9f10ab924c29adda77b324ae"},
    {file = "regex-2022.3.15-cp38-cp38-manylinux_2_17_ppc64le.manylinux2014_ppc64le.whl", hash = "sha256:8d1f3ea0d1924feb4cf6afb2699259f658a08ac6f8f3a4a806661c2dfcd66db1"},
    {file = "regex-2022.3.15-cp38-cp38-manylinux_2_17_s390x.manylinux2014_s390x.whl", hash = "sha256:794a6bc66c43db8ed06698fc32aaeaac5c4812d9f825e9589e56f311da7becd9"},
    {file = "regex-2022.3.15-cp38-cp38-manylinux_2_17_x86_64.manylinux2014_x86_64.whl", hash = "sha256:4d1445824944e642ffa54c4f512da17a953699c563a356d8b8cbdad26d3b7598"},
    {file = "regex-2022.3.15-cp38-cp38-manylinux_2_5_i686.manylinux1_i686.manylinux_2_17_i686.manylinux2014_i686.whl", hash = "sha256:f553a1190ae6cd26e553a79f6b6cfba7b8f304da2071052fa33469da075ea625"},
    {file = "regex-2022.3.15-cp38-cp38-manylinux_2_5_x86_64.manylinux1_x86_64.manylinux_2_12_x86_64.manylinux2010_x86_64.whl", hash = "sha256:75a5e6ce18982f0713c4bac0704bf3f65eed9b277edd3fb9d2b0ff1815943327"},
    {file = "regex-2022.3.15-cp38-cp38-musllinux_1_1_aarch64.whl", hash = "sha256:f16cf7e4e1bf88fecf7f41da4061f181a6170e179d956420f84e700fb8a3fd6b"},
    {file = "regex-2022.3.15-cp38-cp38-musllinux_1_1_i686.whl", hash = "sha256:dad3991f0678facca1a0831ec1ddece2eb4d1dd0f5150acb9440f73a3b863907"},
    {file = "regex-2022.3.15-cp38-cp38-musllinux_1_1_ppc64le.whl", hash = "sha256:491fc754428514750ab21c2d294486223ce7385446f2c2f5df87ddbed32979ae"},
    {file = "regex-2022.3.15-cp38-cp38-musllinux_1_1_s390x.whl", hash = "sha256:6504c22c173bb74075d7479852356bb7ca80e28c8e548d4d630a104f231e04fb"},
    {file = "regex-2022.3.15-cp38-cp38-musllinux_1_1_x86_64.whl", hash = "sha256:01c913cf573d1da0b34c9001a94977273b5ee2fe4cb222a5d5b320f3a9d1a835"},
    {file = "regex-2022.3.15-cp38-cp38-win32.whl", hash = "sha256:029e9e7e0d4d7c3446aa92474cbb07dafb0b2ef1d5ca8365f059998c010600e6"},
    {file = "regex-2022.3.15-cp38-cp38-win_amd64.whl", hash = "sha256:947a8525c0a95ba8dc873191f9017d1b1e3024d4dc757f694e0af3026e34044a"},
    {file = "regex-2022.3.15-cp39-cp39-macosx_10_9_x86_64.whl", hash = "sha256:591d4fba554f24bfa0421ba040cd199210a24301f923ed4b628e1e15a1001ff4"},
    {file = "regex-2022.3.15-cp39-cp39-macosx_11_0_arm64.whl", hash = "sha256:b9809404528a999cf02a400ee5677c81959bc5cb938fdc696b62eb40214e3632"},
    {file = "regex-2022.3.15-cp39-cp39-manylinux_2_17_aarch64.manylinux2014_aarch64.whl", hash = "sha256:f08a7e4d62ea2a45557f561eea87c907222575ca2134180b6974f8ac81e24f06"},
    {file = "regex-2022.3.15-cp39-cp39-manylinux_2_17_ppc64le.manylinux2014_ppc64le.whl", hash = "sha256:5a86cac984da35377ca9ac5e2e0589bd11b3aebb61801204bd99c41fac516f0d"},
    {file = "regex-2022.3.15-cp39-cp39-manylinux_2_17_s390x.manylinux2014_s390x.whl", hash = "sha256:286908cbe86b1a0240a867aecfe26a439b16a1f585d2de133540549831f8e774"},
    {file = "regex-2022.3.15-cp39-cp39-manylinux_2_17_x86_64.manylinux2014_x86_64.whl", hash = "sha256:7b7494df3fdcc95a1f76cf134d00b54962dd83189520fd35b8fcd474c0aa616d"},
    {file = "regex-2022.3.15-cp39-cp39-manylinux_2_5_i686.manylinux1_i686.manylinux_2_17_i686.manylinux2014_i686.whl", hash = "sha256:5b1ceede92400b3acfebc1425937454aaf2c62cd5261a3fabd560c61e74f6da3"},
    {file = "regex-2022.3.15-cp39-cp39-manylinux_2_5_x86_64.manylinux1_x86_64.manylinux_2_12_x86_64.manylinux2010_x86_64.whl", hash = "sha256:0317eb6331146c524751354ebef76a7a531853d7207a4d760dfb5f553137a2a4"},
    {file = "regex-2022.3.15-cp39-cp39-musllinux_1_1_aarch64.whl", hash = "sha256:9c144405220c5ad3f5deab4c77f3e80d52e83804a6b48b6bed3d81a9a0238e4c"},
    {file = "regex-2022.3.15-cp39-cp39-musllinux_1_1_i686.whl", hash = "sha256:5b2e24f3ae03af3d8e8e6d824c891fea0ca9035c5d06ac194a2700373861a15c"},
    {file = "regex-2022.3.15-cp39-cp39-musllinux_1_1_ppc64le.whl", hash = "sha256:f2c53f3af011393ab5ed9ab640fa0876757498aac188f782a0c620e33faa2a3d"},
    {file = "regex-2022.3.15-cp39-cp39-musllinux_1_1_s390x.whl", hash = "sha256:060f9066d2177905203516c62c8ea0066c16c7342971d54204d4e51b13dfbe2e"},
    {file = "regex-2022.3.15-cp39-cp39-musllinux_1_1_x86_64.whl", hash = "sha256:530a3a16e57bd3ea0dff5ec2695c09632c9d6c549f5869d6cf639f5f7153fb9c"},
    {file = "regex-2022.3.15-cp39-cp39-win32.whl", hash = "sha256:78ce90c50d0ec970bd0002462430e00d1ecfd1255218d52d08b3a143fe4bde18"},
    {file = "regex-2022.3.15-cp39-cp39-win_amd64.whl", hash = "sha256:c5adc854764732dbd95a713f2e6c3e914e17f2ccdc331b9ecb777484c31f73b6"},
    {file = "regex-2022.3.15.tar.gz", hash = "sha256:0a7b75cc7bb4cc0334380053e4671c560e31272c9d2d5a6c4b8e9ae2c9bd0f82"},
]
six = [
    {file = "six-1.16.0-py2.py3-none-any.whl", hash = "sha256:8abb2f1d86890a2dfb989f9a77cfcfd3e47c2a354b01111771326f8aa26e0254"},
    {file = "six-1.16.0.tar.gz", hash = "sha256:1e61c37477a1626458e36f7b1d82aa5c9b094fa4802892072e49de9c60c4c926"},
]
toml = [
    {file = "toml-0.10.2-py2.py3-none-any.whl", hash = "sha256:806143ae5bfb6a3c6e736a764057db0e6a0e05e338b5630894a5f779cabb4f9b"},
    {file = "toml-0.10.2.tar.gz", hash = "sha256:b3bda1d108d5dd99f4a20d24d9c348e91c4db7ab1b749200bded2f839ccbe68f"},
]
typed-ast = [
    {file = "typed_ast-1.5.3-cp310-cp310-macosx_10_9_x86_64.whl", hash = "sha256:9ad3b48cf2b487be140072fb86feff36801487d4abb7382bb1929aaac80638ea"},
    {file = "typed_ast-1.5.3-cp310-cp310-macosx_11_0_arm64.whl", hash = "sha256:542cd732351ba8235f20faa0fc7398946fe1a57f2cdb289e5497e1e7f48cfedb"},
    {file = "typed_ast-1.5.3-cp310-cp310-manylinux_2_17_aarch64.manylinux2014_aarch64.whl", hash = "sha256:5dc2c11ae59003d4a26dda637222d9ae924387f96acae9492df663843aefad55"},
    {file = "typed_ast-1.5.3-cp310-cp310-manylinux_2_5_x86_64.manylinux1_x86_64.manylinux_2_12_x86_64.manylinux2010_x86_64.whl", hash = "sha256:fd5df1313915dbd70eaaa88c19030b441742e8b05e6103c631c83b75e0435ccc"},
    {file = "typed_ast-1.5.3-cp310-cp310-win_amd64.whl", hash = "sha256:e34f9b9e61333ecb0f7d79c21c28aa5cd63bec15cb7e1310d7d3da6ce886bc9b"},
    {file = "typed_ast-1.5.3-cp36-cp36m-macosx_10_9_x86_64.whl", hash = "sha256:f818c5b81966d4728fec14caa338e30a70dfc3da577984d38f97816c4b3071ec"},
    {file = "typed_ast-1.5.3-cp36-cp36m-manylinux_2_17_aarch64.manylinux2014_aarch64.whl", hash = "sha256:3042bfc9ca118712c9809201f55355479cfcdc17449f9f8db5e744e9625c6805"},
    {file = "typed_ast-1.5.3-cp36-cp36m-manylinux_2_5_x86_64.manylinux1_x86_64.manylinux_2_12_x86_64.manylinux2010_x86_64.whl", hash = "sha256:4fff9fdcce59dc61ec1b317bdb319f8f4e6b69ebbe61193ae0a60c5f9333dc49"},
    {file = "typed_ast-1.5.3-cp36-cp36m-win_amd64.whl", hash = "sha256:8e0b8528838ffd426fea8d18bde4c73bcb4167218998cc8b9ee0a0f2bfe678a6"},
    {file = "typed_ast-1.5.3-cp37-cp37m-macosx_10_9_x86_64.whl", hash = "sha256:8ef1d96ad05a291f5c36895d86d1375c0ee70595b90f6bb5f5fdbee749b146db"},
    {file = "typed_ast-1.5.3-cp37-cp37m-manylinux_2_17_aarch64.manylinux2014_aarch64.whl", hash = "sha256:ed44e81517364cb5ba367e4f68fca01fba42a7a4690d40c07886586ac267d9b9"},
    {file = "typed_ast-1.5.3-cp37-cp37m-manylinux_2_5_x86_64.manylinux1_x86_64.manylinux_2_12_x86_64.manylinux2010_x86_64.whl", hash = "sha256:f60d9de0d087454c91b3999a296d0c4558c1666771e3460621875021bf899af9"},
    {file = "typed_ast-1.5.3-cp37-cp37m-win_amd64.whl", hash = "sha256:9e237e74fd321a55c90eee9bc5d44be976979ad38a29bbd734148295c1ce7617"},
    {file = "typed_ast-1.5.3-cp38-cp38-macosx_10_9_x86_64.whl", hash = "sha256:ee852185964744987609b40aee1d2eb81502ae63ee8eef614558f96a56c1902d"},
    {file = "typed_ast-1.5.3-cp38-cp38-macosx_11_0_arm64.whl", hash = "sha256:27e46cdd01d6c3a0dd8f728b6a938a6751f7bd324817501c15fb056307f918c6"},
    {file = "typed_ast-1.5.3-cp38-cp38-manylinux_2_17_aarch64.manylinux2014_aarch64.whl", hash = "sha256:d64dabc6336ddc10373922a146fa2256043b3b43e61f28961caec2a5207c56d5"},
    {file = "typed_ast-1.5.3-cp38-cp38-manylinux_2_5_x86_64.manylinux1_x86_64.manylinux_2_12_x86_64.manylinux2010_x86_64.whl", hash = "sha256:8cdf91b0c466a6c43f36c1964772918a2c04cfa83df8001ff32a89e357f8eb06"},
    {file = "typed_ast-1.5.3-cp38-cp38-win_amd64.whl", hash = "sha256:9cc9e1457e1feb06b075c8ef8aeb046a28ec351b1958b42c7c31c989c841403a"},
    {file = "typed_ast-1.5.3-cp39-cp39-macosx_10_9_x86_64.whl", hash = "sha256:e20d196815eeffb3d76b75223e8ffed124e65ee62097e4e73afb5fec6b993e7a"},
    {file = "typed_ast-1.5.3-cp39-cp39-macosx_11_0_arm64.whl", hash = "sha256:37e5349d1d5de2f4763d534ccb26809d1c24b180a477659a12c4bde9dd677d74"},
    {file = "typed_ast-1.5.3-cp39-cp39-manylinux_2_17_aarch64.manylinux2014_aarch64.whl", hash = "sha256:c9f1a27592fac87daa4e3f16538713d705599b0a27dfe25518b80b6b017f0a6d"},
    {file = "typed_ast-1.5.3-cp39-cp39-manylinux_2_5_x86_64.manylinux1_x86_64.manylinux_2_12_x86_64.manylinux2010_x86_64.whl", hash = "sha256:8831479695eadc8b5ffed06fdfb3e424adc37962a75925668deeb503f446c0a3"},
    {file = "typed_ast-1.5.3-cp39-cp39-win_amd64.whl", hash = "sha256:20d5118e494478ef2d3a2702d964dae830aedd7b4d3b626d003eea526be18718"},
    {file = "typed_ast-1.5.3.tar.gz", hash = "sha256:27f25232e2dd0edfe1f019d6bfaaf11e86e657d9bdb7b0956db95f560cceb2b3"},
]
typing-extensions = [
    {file = "typing_extensions-4.1.1-py3-none-any.whl", hash = "sha256:21c85e0fe4b9a155d0799430b0ad741cdce7e359660ccbd8b530613e8df88ce2"},
    {file = "typing_extensions-4.1.1.tar.gz", hash = "sha256:1a9462dcc3347a79b1f1c0271fbe79e844580bb598bafa1ed208b94da3cdcd42"},
]
zipp = [
    {file = "zipp-3.6.0-py3-none-any.whl", hash = "sha256:9fe5ea21568a0a70e50f273397638d39b03353731e6cbbb3fd8502a33fec40bc"},
    {file = "zipp-3.6.0.tar.gz", hash = "sha256:71c644c5369f4a6e07636f0aa966270449561fcea2e3d6747b8d23efaa9d7832"},
]
